
Microsoft Visual Studio Solution File, Format Version 12.00
# Visual Studio 15
VisualStudioVersion = 15.0.28307.2092
MinimumVisualStudioVersion = 10.0.40219.1
Project("{F184B08F-C81C-45F6-A57F-5ABD9991F28F}") = "Proyecto2-salir", "Proyecto2-salir\Proyecto2-salir.vbproj", "{1307A65A-C1F7-4F0A-ACE2-ADF17535659A}"
EndProject
Global
	GlobalSection(SolutionConfigurationPlatforms) = preSolution
		Debug|Any CPU = Debug|Any CPU
		Release|Any CPU = Release|Any CPU
	EndGlobalSection
	GlobalSection(ProjectConfigurationPlatforms) = postSolution
		{1307A65A-C1F7-4F0A-ACE2-ADF17535659A}.Debug|Any CPU.ActiveCfg = Debug|Any CPU
		{1307A65A-C1F7-4F0A-ACE2-ADF17535659A}.Debug|Any CPU.Build.0 = Debug|Any CPU
		{1307A65A-C1F7-4F0A-ACE2-ADF17535659A}.Release|Any CPU.ActiveCfg = Release|Any CPU
		{1307A65A-C1F7-4F0A-ACE2-ADF17535659A}.Release|Any CPU.Build.0 = Release|Any CPU
	EndGlobalSection
	GlobalSection(SolutionProperties) = preSolution
		HideSolutionNode = FALSE
	EndGlobalSection
	GlobalSection(ExtensibilityGlobals) = postSolution
		SolutionGuid = {61EAECC8-46AC-4E68-8958-8D33CD2265BE}
	EndGlobalSection
EndGlobal
