
Microsoft Visual Studio Solution File, Format Version 12.00
# Visual Studio Version 17
VisualStudioVersion = 17.3.32929.385
MinimumVisualStudioVersion = 10.0.40219.1
Project("{F184B08F-C81C-45F6-A57F-5ABD9991F28F}") = "EjercicioListBox", "EjercicioListBox\EjercicioListBox.vbproj", "{AB34E4FA-37C9-4EE3-8357-37F208315F82}"
EndProject
Global
	GlobalSection(SolutionConfigurationPlatforms) = preSolution
		Debug|Any CPU = Debug|Any CPU
		Release|Any CPU = Release|Any CPU
	EndGlobalSection
	GlobalSection(ProjectConfigurationPlatforms) = postSolution
		{AB34E4FA-37C9-4EE3-8357-37F208315F82}.Debug|Any CPU.ActiveCfg = Debug|Any CPU
		{AB34E4FA-37C9-4EE3-8357-37F208315F82}.Debug|Any CPU.Build.0 = Debug|Any CPU
		{AB34E4FA-37C9-4EE3-8357-37F208315F82}.Release|Any CPU.ActiveCfg = Release|Any CPU
		{AB34E4FA-37C9-4EE3-8357-37F208315F82}.Release|Any CPU.Build.0 = Release|Any CPU
	EndGlobalSection
	GlobalSection(SolutionProperties) = preSolution
		HideSolutionNode = FALSE
	EndGlobalSection
	GlobalSection(ExtensibilityGlobals) = postSolution
		SolutionGuid = {D1284328-B136-4EDE-AF17-5B428B720C93}
	EndGlobalSection
EndGlobal
