
Microsoft Visual Studio Solution File, Format Version 12.00
# Visual Studio Version 17
VisualStudioVersion = 17.3.32929.385
MinimumVisualStudioVersion = 10.0.40219.1
Project("{F184B08F-C81C-45F6-A57F-5ABD9991F28F}") = "ArrayBotones", "ArrayBotones\ArrayBotones.vbproj", "{4823E46B-5994-4FD8-B374-540038E2E5C8}"
EndProject
Global
	GlobalSection(SolutionConfigurationPlatforms) = preSolution
		Debug|Any CPU = Debug|Any CPU
		Release|Any CPU = Release|Any CPU
	EndGlobalSection
	GlobalSection(ProjectConfigurationPlatforms) = postSolution
		{4823E46B-5994-4FD8-B374-540038E2E5C8}.Debug|Any CPU.ActiveCfg = Debug|Any CPU
		{4823E46B-5994-4FD8-B374-540038E2E5C8}.Debug|Any CPU.Build.0 = Debug|Any CPU
		{4823E46B-5994-4FD8-B374-540038E2E5C8}.Release|Any CPU.ActiveCfg = Release|Any CPU
		{4823E46B-5994-4FD8-B374-540038E2E5C8}.Release|Any CPU.Build.0 = Release|Any CPU
	EndGlobalSection
	GlobalSection(SolutionProperties) = preSolution
		HideSolutionNode = FALSE
	EndGlobalSection
	GlobalSection(ExtensibilityGlobals) = postSolution
		SolutionGuid = {A96926FA-3662-4CD0-91E0-56269A6F252C}
	EndGlobalSection
EndGlobal
