
Microsoft Visual Studio Solution File, Format Version 12.00
# Visual Studio 15
VisualStudioVersion = 15.0.28307.2092
MinimumVisualStudioVersion = 10.0.40219.1
Project("{F184B08F-C81C-45F6-A57F-5ABD9991F28F}") = "WindowsApp1", "WindowsApp1\WindowsApp1.vbproj", "{8861192C-E6C0-46A7-9D69-75F8543375D1}"
EndProject
Global
	GlobalSection(SolutionConfigurationPlatforms) = preSolution
		Debug|Any CPU = Debug|Any CPU
		Release|Any CPU = Release|Any CPU
	EndGlobalSection
	GlobalSection(ProjectConfigurationPlatforms) = postSolution
		{8861192C-E6C0-46A7-9D69-75F8543375D1}.Debug|Any CPU.ActiveCfg = Debug|Any CPU
		{8861192C-E6C0-46A7-9D69-75F8543375D1}.Debug|Any CPU.Build.0 = Debug|Any CPU
		{8861192C-E6C0-46A7-9D69-75F8543375D1}.Release|Any CPU.ActiveCfg = Release|Any CPU
		{8861192C-E6C0-46A7-9D69-75F8543375D1}.Release|Any CPU.Build.0 = Release|Any CPU
	EndGlobalSection
	GlobalSection(SolutionProperties) = preSolution
		HideSolutionNode = FALSE
	EndGlobalSection
	GlobalSection(ExtensibilityGlobals) = postSolution
		SolutionGuid = {63E8B8D5-0A1F-417D-9A73-FFD3E6270AB1}
	EndGlobalSection
EndGlobal
